
Microsoft Visual Studio Solution File, Format Version 12.00
# Visual Studio Version 17
VisualStudioVersion = 17.9.34622.214
MinimumVisualStudioVersion = 10.0.40219.1
Project("{FAE04EC0-301F-11D3-BF4B-00C04F79EFBC}") = "WebApplication1", "WebApplication1\WebApplication1.csproj", "{2C3B4630-7BAE-4A99-8948-89D36F30F211}"
EndProject
Global
	GlobalSection(SolutionConfigurationPlatforms) = preSolution
		Debug|Any CPU = Debug|Any CPU
		Release|Any CPU = Release|Any CPU
	EndGlobalSection
	GlobalSection(ProjectConfigurationPlatforms) = postSolution
		{2C3B4630-7BAE-4A99-8948-89D36F30F211}.Debug|Any CPU.ActiveCfg = Debug|Any CPU
		{2C3B4630-7BAE-4A99-8948-89D36F30F211}.Debug|Any CPU.Build.0 = Debug|Any CPU
		{2C3B4630-7BAE-4A99-8948-89D36F30F211}.Release|Any CPU.ActiveCfg = Release|Any CPU
		{2C3B4630-7BAE-4A99-8948-89D36F30F211}.Release|Any CPU.Build.0 = Release|Any CPU
	EndGlobalSection
	GlobalSection(SolutionProperties) = preSolution
		HideSolutionNode = FALSE
	EndGlobalSection
	GlobalSection(ExtensibilityGlobals) = postSolution
		SolutionGuid = {A48EB85D-B74A-4FBB-93CD-A41EDF62AF7B}
	EndGlobalSection
EndGlobal
